
Microsoft Visual Studio Solution File, Format Version 12.00
# Visual Studio Version 17
VisualStudioVersion = 17.4.33122.133
MinimumVisualStudioVersion = 10.0.40219.1
Project("{9A19103F-16F7-4668-BE54-9A1E7A4F7556}") = "MvcBook", "MvcBook.csproj", "{DFCA1A1D-F9F1-4A2E-A820-ACB825BA0F71}"
EndProject
Global
	GlobalSection(SolutionConfigurationPlatforms) = preSolution
		Debug|Any CPU = Debug|Any CPU
		Release|Any CPU = Release|Any CPU
	EndGlobalSection
	GlobalSection(ProjectConfigurationPlatforms) = postSolution
		{DFCA1A1D-F9F1-4A2E-A820-ACB825BA0F71}.Debug|Any CPU.ActiveCfg = Debug|Any CPU
		{DFCA1A1D-F9F1-4A2E-A820-ACB825BA0F71}.Debug|Any CPU.Build.0 = Debug|Any CPU
		{DFCA1A1D-F9F1-4A2E-A820-ACB825BA0F71}.Release|Any CPU.ActiveCfg = Release|Any CPU
		{DFCA1A1D-F9F1-4A2E-A820-ACB825BA0F71}.Release|Any CPU.Build.0 = Release|Any CPU
	EndGlobalSection
	GlobalSection(SolutionProperties) = preSolution
		HideSolutionNode = FALSE
	EndGlobalSection
	GlobalSection(ExtensibilityGlobals) = postSolution
		SolutionGuid = {02F54685-32EE-4AA8-AE55-801FC3D1CCB1}
	EndGlobalSection
EndGlobal
